PODS:
  - Flutter (1.0.0)
  - gma_mediation_unity (1.9.0):
    - Flutter
    - GoogleMobileAdsMediationUnity (~> 4.19.0.0)
  - Google-Mobile-Ads-SDK (13.6.0):
    - GoogleUserMessagingPlatform (>= 1.1)
  - GoogleMobileAdsMediationUnity (4.19.0.0):
    - Google-Mobile-Ads-SDK (~> 13.3)
    - UnityAds (= 4.19.0)
  - GoogleUserMessagingPlatform (3.1.0)
  - IronSourceAdQualitySDK (9.8.0)
  - UnityAds (4.19.0):
    - IronSourceAdQualitySDK (< 10.0.0)
    - UnityCoherenceLib (= 0.1.0)
  - UnityCoherenceLib (0.1.0)

DEPENDENCIES:
  - Flutter (from `Flutter`)
  - gma_mediation_unity (from `.symlinks/plugins/gma_mediation_unity/ios`)

SPEC REPOS:
  trunk:
    - Google-Mobile-Ads-SDK
    - GoogleMobileAdsMediationUnity
    - GoogleUserMessagingPlatform
    - IronSourceAdQualitySDK
    - UnityAds
    - UnityCoherenceLib

EXTERNAL SOURCES:
  Flutter:
    :path: Flutter
  gma_mediation_unity:
    :path: ".symlinks/plugins/gma_mediation_unity/ios"

SPEC CHECKSUMS:
  Flutter: cabc95a1d2626b1b06e7179b784ebcf0c0cde467
  gma_mediation_unity: f904b47bbe24bc7429cbd4e5317b3fd7e7011c82
  Google-Mobile-Ads-SDK: 6e501ace4af8d63e967bd45497c8b2b05821163d
  GoogleMobileAdsMediationUnity: 404030848c15aa5b7a2add413275c087d06bdf2b
  GoogleUserMessagingPlatform: befe603da6501006420c206222acd449bba45a9c
  IronSourceAdQualitySDK: 4a35860414765500aafbddb7635ef50862052acf
  UnityAds: 40804188247edc15e4e173450a749dbb2fbc61c5
  UnityCoherenceLib: d9be08c5b9c2880cb220c7ecd643f97ebda422b7

PODFILE CHECKSUM: 8ec5b4d5381f7ae428228e58155fa0c5dd472dea

COCOAPODS: 1.16.2
